
Microsoft Visual Studio Solution File, Format Version 12.00
# Visual Studio 15
VisualStudioVersion = 15.0.27004.2005
MinimumVisualStudioVersion = 10.0.40219.1
Project("{FAE04EC0-301F-11D3-BF4B-00C04F79EFBC}") = "ShiftSharp", "ShiftSharp\ShiftSharp.csproj", "{0D3FF948-F5BE-4338-94CB-CDC1A4475159}"
EndProject
Project("{FAE04EC0-301F-11D3-BF4B-00C04F79EFBC}") = "TestShiftSharp", "TestShiftSharp\TestShiftSharp.csproj", "{4EA986B7-7046-4501-B3EE-511FDC84D10E}"
EndProject
Global
	GlobalSection(SolutionConfigurationPlatforms) = preSolution
		Debug|Any CPU = Debug|Any CPU
		Release|Any CPU = Release|Any CPU
		Description = C# version of java Shift library
	EndGlobalSection
	GlobalSection(ProjectConfigurationPlatforms) = postSolution
		{0D3FF948-F5BE-4338-94CB-CDC1A4475159}.Debug|Any CPU.ActiveCfg = Release|Any CPU
		{0D3FF948-F5BE-4338-94CB-CDC1A4475159}.Debug|Any CPU.Build.0 = Release|Any CPU
		{0D3FF948-F5BE-4338-94CB-CDC1A4475159}.Release|Any CPU.ActiveCfg = Release|Any CPU
		{0D3FF948-F5BE-4338-94CB-CDC1A4475159}.Release|Any CPU.Build.0 = Release|Any CPU
		{4EA986B7-7046-4501-B3EE-511FDC84D10E}.Debug|Any CPU.ActiveCfg = Debug|Any CPU
		{4EA986B7-7046-4501-B3EE-511FDC84D10E}.Debug|Any CPU.Build.0 = Debug|Any CPU
		{4EA986B7-7046-4501-B3EE-511FDC84D10E}.Release|Any CPU.ActiveCfg = Release|Any CPU
		{4EA986B7-7046-4501-B3EE-511FDC84D10E}.Release|Any CPU.Build.0 = Release|Any CPU
	EndGlobalSection
	GlobalSection(SolutionProperties) = preSolution
		HideSolutionNode = FALSE
	EndGlobalSection
	GlobalSection(ExtensibilityGlobals) = postSolution
		SolutionGuid = {92ECC4BD-273F-4A11-AF59-0679537C632C}
	EndGlobalSection
EndGlobal
